Microsoft Visual Studio Solution File, Format Version 12.00
# Visual Studio Version 17
VisualStudioVersion = 17.5.2.0
MinimumVisualStudioVersion = 10.0.40219.1
Project("{FAE04EC0-301F-11D3-BF4B-00C04F79EFBC}") = "Registro de Campos", "Registro de Campos.csproj", "{DC06B5FC-ECA7-E841-36F7-2BE630B2BDEA}"
EndProject
Global
	GlobalSection(SolutionConfigurationPlatforms) = preSolution
		Debug|Any CPU = Debug|Any CPU
		Release|Any CPU = Release|Any CPU
	EndGlobalSection
	GlobalSection(ProjectConfigurationPlatforms) = postSolution
		{DC06B5FC-ECA7-E841-36F7-2BE630B2BDEA}.Debug|Any CPU.ActiveCfg = Debug|Any CPU
		{DC06B5FC-ECA7-E841-36F7-2BE630B2BDEA}.Debug|Any CPU.Build.0 = Debug|Any CPU
		{DC06B5FC-ECA7-E841-36F7-2BE630B2BDEA}.Release|Any CPU.ActiveCfg = Release|Any CPU
		{DC06B5FC-ECA7-E841-36F7-2BE630B2BDEA}.Release|Any CPU.Build.0 = Release|Any CPU
	EndGlobalSection
	GlobalSection(SolutionProperties) = preSolution
		HideSolutionNode = FALSE
	EndGlobalSection
	GlobalSection(ExtensibilityGlobals) = postSolution
		SolutionGuid = {87CAE90C-089C-497D-8A31-5455867E8253}
	EndGlobalSection
EndGlobal
